// !$*UTF8*$!
{
	archiveVersion = 1;
	classes = {
	};
	objectVersion = 46;
	objects = {
/* Begin PBXBuildFile section */
		0207DA581B56EA530066E2B4 /* Images.xcassets in Resources */ = {isa = PBXBuildFile; fileRef = 0207DA571B56EA530066E2B4 /* Images.xcassets */; };
		1D3623260D0F684500981E51 /* AppDelegate.m in Sources */ = {isa = PBXBuildFile; fileRef = 1D3623250D0F684500981E51 /* AppDelegate.m */; };
		1D60589B0D05DD56006BFB54 /* main.m in Sources */ = {isa = PBXBuildFile; fileRef = 29B97316FDCFA39411CA2CEA /* main.m */; };
		301BF552109A68D80062928A /* libCordova.a in Frameworks */ = {isa = PBXBuildFile; fileRef = 301BF535109A57CC0062928A /* libCordova.a */; };
		302D95F114D2391D003F00A1 /* MainViewController.m in Sources */ = {isa = PBXBuildFile; fileRef = 302D95EF14D2391D003F00A1 /* MainViewController.m */; };
		302D95F214D2391D003F00A1 /* MainViewController.xib in Resources */ = {isa = PBXBuildFile; fileRef = 302D95F014D2391D003F00A1 /* MainViewController.xib */; };
		3047A5121AB8059700498E2A /* build-debug.xcconfig in Resources */ = {isa = PBXBuildFile; fileRef = 3047A50F1AB8059700498E2A /* build-debug.xcconfig */; };
		3047A5131AB8059700498E2A /* build-release.xcconfig in Resources */ = {isa = PBXBuildFile; fileRef = 3047A5101AB8059700498E2A /* build-release.xcconfig */; };
		3047A5141AB8059700498E2A /* build.xcconfig in Resources */ = {isa = PBXBuildFile; fileRef = 3047A5111AB8059700498E2A /* build.xcconfig */; };
		6AFF5BF91D6E424B00AB3073 /* CDVLaunchScreen.storyboard in Resources */ = {isa = PBXBuildFile; fileRef = 6AFF5BF81D6E424B00AB3073 /* CDVLaunchScreen.storyboard */; };
		DE63B4F704924795B3C7A572 /* CDVContacts.m in Sources */ = {isa = PBXBuildFile; fileRef = 5F54355AC41748E5801D39F5 /* CDVContacts.m */; };
		85746E0004514114B02A6234 /* CDVContact.m in Sources */ = {isa = PBXBuildFile; fileRef = 5161B9E7FABD42B9A3F69216 /* CDVContact.m */; };
		BD7EED53C37D46F9BA20E86B /* AddressBook.framework in Frameworks */ = {isa = PBXBuildFile; fileRef = CD7DEE3DA22846F5B17BACD1 /* AddressBook.framework */; settings = {ATTRIBUTES = (Weak, ); }; };
		FA6B5F6F60494FCE83DCE568 /* AddressBookUI.framework in Frameworks */ = {isa = PBXBuildFile; fileRef = E554C12A5E5D47FD80D3B822 /* AddressBookUI.framework */; settings = {ATTRIBUTES = (Weak, ); }; };
		B6149CCB8EF64419B75920AB /* CDVDevice.m in Sources */ = {isa = PBXBuildFile; fileRef = BC9CE5524A014CE6A515463B /* CDVDevice.m */; };
		76BCC5855ACA4FC1856B3650 /* libz.tbd in Frameworks */ = {isa = PBXBuildFile; fileRef = A0D290A0487947B28E2DC1D8 /* libz.tbd */; };
		F11D123DBD154506B09C59D2 /* CDVNotification.m in Sources */ = {isa = PBXBuildFile; fileRef = EBC94A45280849DA887FDF74 /* CDVNotification.m */; };
		4B1E609D8AA54EBE9FEF562A /* CDVNotification.bundle in Resources */ = {isa = PBXBuildFile; fileRef = E1A42C40D4E4493A9D665695 /* CDVNotification.bundle */; };
		F3D365B4DF06444194AF3975 /* AudioToolbox.framework in Frameworks */ = {isa = PBXBuildFile; fileRef = A98D96751AE3497AB8BBE954 /* AudioToolbox.framework */; settings = {ATTRIBUTES = (Weak, ); }; };
		0FABFFA1F3324A6BA02F949F /* CDVInAppBrowser.m in Sources */ = {isa = PBXBuildFile; fileRef = 93A50CB169514D7AB4652038 /* CDVInAppBrowser.m */; };
		12EF29D322DA467E914E4968 /* CDVConnection.m in Sources */ = {isa = PBXBuildFile; fileRef = BCCC2867D8C54027A4189B27 /* CDVConnection.m */; };
		245113EA49A243D99E57E253 /* CDVReachability.m in Sources */ = {isa = PBXBuildFile; fileRef = 929878EB82664E1C9536B382 /* CDVReachability.m */; };
		DAD89814D1C743C395405938 /* SystemConfiguration.framework in Frameworks */ = {isa = PBXBuildFile; fileRef = E628C2CA87D44F62A0714E64 /* SystemConfiguration.framework */; settings = {ATTRIBUTES = (Weak, ); }; };
		E945752024E04A208DEDDFAF /* CoreTelephony.framework in Frameworks */ = {isa = PBXBuildFile; fileRef = A108C6302053411092A16E88 /* CoreTelephony.framework */; };
		3C54588753A7499F99371AF4 /* CDVStatusBar.m in Sources */ = {isa = PBXBuildFile; fileRef = 63F63547AB4F48679CBFC026 /* CDVStatusBar.m */; };
		BA2FC3D6A30C4F56821EF1EC /* AppDelegate+notification.m in Sources */ = {isa = PBXBuildFile; fileRef = AB151D53D3E64C78934389DE /* AppDelegate+notification.m */; };
		A6BDC2C79AF24872ADD83B57 /* PushPlugin.m in Sources */ = {isa = PBXBuildFile; fileRef = C6AF6F4E74C24771A58E251D /* PushPlugin.m */; };
		7DAA815F45334770BF245AE9 /* libGGLCloudMessaging.a in Frameworks */ = {isa = PBXBuildFile; fileRef = 3863706071EB4CD29299AEF3 /* libGGLCloudMessaging.a */; };
		BF9802E39AF644659319D835 /* libGGLCore.a in Frameworks */ = {isa = PBXBuildFile; fileRef = 0BA1CE3F38074C3E83A9254B /* libGGLCore.a */; };
		1B6881664BB74049BCB22F51 /* libGGLInstanceIDLib.a in Frameworks */ = {isa = PBXBuildFile; fileRef = 04071FC5EB9849C39D3E2B2A /* libGGLInstanceIDLib.a */; };
		34F3B5354C184844A89D7596 /* libGIP_Reachability.a in Frameworks */ = {isa = PBXBuildFile; fileRef = 646D1E0177F94A5BAEA07118 /* libGIP_Reachability.a */; };
		75B41D915A5242C0A67AD46B /* libGSDK_Overload.a in Frameworks */ = {isa = PBXBuildFile; fileRef = A3164233C3FB49268C1F2218 /* libGSDK_Overload.a */; };
		2B10155C433C4A399081FCB8 /* libGTMSessionFetcher_core.a in Frameworks */ = {isa = PBXBuildFile; fileRef = D00F7A7F0001485A85CC7901 /* libGTMSessionFetcher_core.a */; };
		39953E3821A2451BB3FD1E75 /* libGTMSessionFetcher_full.a in Frameworks */ = {isa = PBXBuildFile; fileRef = FC97502035104D4688052BB7 /* libGTMSessionFetcher_full.a */; };
		41C79DD074D24C08A40A24E2 /* libGTMStackTrace.a in Frameworks */ = {isa = PBXBuildFile; fileRef = 2EB7CE670E1C4D0A9DBA8F4C /* libGTMStackTrace.a */; };
		1C5500BF8BEB4526A71EC380 /* libGTM_AddressBook.a in Frameworks */ = {isa = PBXBuildFile; fileRef = 352776C1141F4C2D9946FF7B /* libGTM_AddressBook.a */; };
		E0E130310998470E812FB52C /* libGTM_DebugUtils.a in Frameworks */ = {isa = PBXBuildFile; fileRef = AAC253E6A2DD49EEBC6DD433 /* libGTM_DebugUtils.a */; };
		D4B6B12E6F5A4FDCB4821DD9 /* libGTM_GTMURLBuilder.a in Frameworks */ = {isa = PBXBuildFile; fileRef = 11A8EEBA25904806BF6F4AEC /* libGTM_GTMURLBuilder.a */; };
		A5BE86A0EB0540FA86A87085 /* libGTM_KVO.a in Frameworks */ = {isa = PBXBuildFile; fileRef = 73D49E0E39B745A6A00BC21C /* libGTM_KVO.a */; };
		E03C9B57A636402EAA14377C /* libGTM_NSData+zlib.a in Frameworks */ = {isa = PBXBuildFile; fileRef = 2C8144198295401EB0A6CABE /* libGTM_NSData+zlib.a */; };
		3D859817E97A47D2B22EE887 /* libGTM_NSDictionary+URLArguments.a in Frameworks */ = {isa = PBXBuildFile; fileRef = 1109627C3F874B5B9CB1D4C9 /* libGTM_NSDictionary+URLArguments.a */; };
		5F0CBF27CB3C4C589FA57A9D /* libGTM_NSScannerJSON.a in Frameworks */ = {isa = PBXBuildFile; fileRef = 3E68856D4EAF4A4FA595A8A5 /* libGTM_NSScannerJSON.a */; };
		A71D2181C075490A909DA1CF /* libGTM_NSStringHTML.a in Frameworks */ = {isa = PBXBuildFile; fileRef = 94E4F0916DF744469541296E /* libGTM_NSStringHTML.a */; };
		80DC96D24A7843B8A25FB511 /* libGTM_NSStringXML.a in Frameworks */ = {isa = PBXBuildFile; fileRef = A688962DF7C646879E57C184 /* libGTM_NSStringXML.a */; };
		E2415033EABB4BC2AC417DB7 /* libGTM_Regex.a in Frameworks */ = {isa = PBXBuildFile; fileRef = D753CD181EE746338BC00830 /* libGTM_Regex.a */; };
		BFD4EFF606FD4030B746059D /* libGTM_RoundedRectPath.a in Frameworks */ = {isa = PBXBuildFile; fileRef = BECAB4D334204F809AAF65B0 /* libGTM_RoundedRectPath.a */; };
		57E0838C9570448394EDEC83 /* libGTM_StringEncoding.a in Frameworks */ = {isa = PBXBuildFile; fileRef = 00715D4DCD614A3DB9F8B481 /* libGTM_StringEncoding.a */; };
		3557B164447F4316939275B5 /* libGTM_SystemVersion.a in Frameworks */ = {isa = PBXBuildFile; fileRef = 9D81D17E4DE447B981275C78 /* libGTM_SystemVersion.a */; };
		EC4A17CAD9144F7FA2A1988F /* libGTM_UIFont+LineHeight.a in Frameworks */ = {isa = PBXBuildFile; fileRef = 550CD56B79EF4A18AB4C0A8D /* libGTM_UIFont+LineHeight.a */; };
		E9C95ED14FEF456D88B68C01 /* libGTM_core.a in Frameworks */ = {isa = PBXBuildFile; fileRef = 69690F22BF39401FA3DD70CC /* libGTM_core.a */; };
		01390F4A256040BDBD8516DF /* libGTM_iPhone.a in Frameworks */ = {isa = PBXBuildFile; fileRef = 2DBDB3F12D764C0AADB104C7 /* libGTM_iPhone.a */; };
		FB76E9ED80B54A56AE5DEDEB /* libGcmLib.a in Frameworks */ = {isa = PBXBuildFile; fileRef = 5726517D45DE4F0984B96678 /* libGcmLib.a */; };
		526888ADE0A54CA685EC642F /* libProtocolBuffers.a in Frameworks */ = {isa = PBXBuildFile; fileRef = 29CC2CBD74FD4650BE4EC5DF /* libProtocolBuffers.a */; };
		93A5536E01A146A2B611BE79 /* libsqlite3.tbd in Frameworks */ = {isa = PBXBuildFile; fileRef = 72053832538A42DFA6930EF9 /* libsqlite3.tbd */; };
/* End PBXBuildFile section */

/* Begin PBXContainerItemProxy section */
		301BF534109A57CC0062928A /* PBXContainerItemProxy */ = {
			isa = PBXContainerItemProxy;
			containerPortal = 301BF52D109A57CC0062928A /* CordovaLib.xcodeproj */;
			proxyType = 2;
			remoteGlobalIDString = D2AAC07E0554694100DB518D;
			remoteInfo = CordovaLib;
		};
		301BF550109A68C00062928A /* PBXContainerItemProxy */ = {
			isa = PBXContainerItemProxy;
			containerPortal = 301BF52D109A57CC0062928A /* CordovaLib.xcodeproj */;
			proxyType = 1;
			remoteGlobalIDString = D2AAC07D0554694100DB518D;
			remoteInfo = CordovaLib;
		};
/* End PBXContainerItemProxy section */

/* Begin PBXFileReference section */
		0207DA571B56EA530066E2B4 /* Images.xcassets */ = {isa = PBXFileReference; lastKnownFileType = folder.assetcatalog; name = Images.xcassets; path = "Guidetti NG Test/Images.xcassets"; sourceTree = SOURCE_ROOT; };
		1D3623240D0F684500981E51 /* AppDelegate.h */ = {isa = PBXFileReference; fileEncoding = 4; lastKnownFileType = sourcecode.c.h; path = AppDelegate.h; sourceTree = "<group>"; };
		1D3623250D0F684500981E51 /* AppDelegate.m */ = {isa = PBXFileReference; fileEncoding = 4; lastKnownFileType = sourcecode.c.objc; path = AppDelegate.m; sourceTree = "<group>"; };
		1D6058910D05DD3D006BFB54 /* Guidetti NG Test.app */ = {isa = PBXFileReference; explicitFileType = wrapper.application; includeInIndex = 0; path = "Guidetti NG Test.app"; sourceTree = BUILT_PRODUCTS_DIR; };
		29B97316FDCFA39411CA2CEA /* main.m */ = {isa = PBXFileReference; fileEncoding = 4; lastKnownFileType = sourcecode.c.objc; path = main.m; sourceTree = "<group>"; };
		301BF52D109A57CC0062928A /* CordovaLib.xcodeproj */ = {isa = PBXFileReference; lastKnownFileType = "wrapper.pb-project"; name = CordovaLib.xcodeproj; path = CordovaLib/CordovaLib.xcodeproj; sourceTree = "<group>"; };
		301BF56E109A69640062928A /* www */ = {isa = PBXFileReference; lastKnownFileType = folder; path = www; sourceTree = SOURCE_ROOT; };
		302D95EE14D2391D003F00A1 /* MainViewController.h */ = {isa = PBXFileReference; fileEncoding = 4; lastKnownFileType = sourcecode.c.h; path = MainViewController.h; sourceTree = "<group>"; };
		302D95EF14D2391D003F00A1 /* MainViewController.m */ = {isa = PBXFileReference; fileEncoding = 4; lastKnownFileType = sourcecode.c.objc; path = MainViewController.m; sourceTree = "<group>"; };
		302D95F014D2391D003F00A1 /* MainViewController.xib */ = {isa = PBXFileReference; fileEncoding = 4; lastKnownFileType = file.xib; path = MainViewController.xib; sourceTree = "<group>"; };
		3047A50F1AB8059700498E2A /* build-debug.xcconfig */ = {isa = PBXFileReference; fileEncoding = 4; lastKnownFileType = text.xcconfig; name = "build-debug.xcconfig"; path = cordova/build-debug.xcconfig; sourceTree = SOURCE_ROOT; };
		3047A5101AB8059700498E2A /* build-release.xcconfig */ = {isa = PBXFileReference; fileEncoding = 4; lastKnownFileType = text.xcconfig; name = "build-release.xcconfig"; path = cordova/build-release.xcconfig; sourceTree = SOURCE_ROOT; };
		3047A5111AB8059700498E2A /* build.xcconfig */ = {isa = PBXFileReference; fileEncoding = 4; lastKnownFileType = text.xcconfig; name = build.xcconfig; path = cordova/build.xcconfig; sourceTree = SOURCE_ROOT; };
		32CA4F630368D1EE00C91783 /* Guidetti NG Test-Prefix.pch */ = {isa = PBXFileReference; fileEncoding = 4; lastKnownFileType = sourcecode.c.h; path = "Guidetti NG Test-Prefix.pch"; sourceTree = "<group>"; };
		6AFF5BF81D6E424B00AB3073 /* CDVLaunchScreen.storyboard */ = {isa = PBXFileReference; fileEncoding = 4; lastKnownFileType = file.storyboard; name = CDVLaunchScreen.storyboard; path = "Guidetti NG Test/CDVLaunchScreen.storyboard"; sourceTree = SOURCE_ROOT; };
		8D1107310486CEB800E47090 /* Guidetti NG Test-Info.plist */ = {isa = PBXFileReference; fileEncoding = 4; lastKnownFileType = text.plist.xml; name = "Guidetti NG Test-Info.plist"; path = "Guidetti NG Test/Guidetti NG Test-Info.plist"; plistStructureDefinitionIdentifier = "com.apple.xcode.plist.structure-definition.iphone.info-plist"; sourceTree = SOURCE_ROOT; };
		EB87FDF31871DA8E0020F90C /* www */ = {isa = PBXFileReference; lastKnownFileType = folder; name = www; path = ../../www; sourceTree = "<group>"; };
		EB87FDF41871DAF40020F90C /* config.xml */ = {isa = PBXFileReference; lastKnownFileType = text.xml; name = config.xml; path = ../../config.xml; sourceTree = "<group>"; };
		F840E1F0165FE0F500CFE078 /* config.xml */ = {isa = PBXFileReference; lastKnownFileType = text.xml; name = config.xml; path = "Guidetti NG Test/config.xml"; sourceTree = "<group>"; };
		ED33DF2A687741AEAF9F8254 /* Bridging-Header.h */ = {isa = PBXFileReference; fileEncoding = 4; lastKnownFileType = sourcecode.c.h; name = "Bridging-Header.h"; path = "Bridging-Header.h"; sourceTree = "<group>"; };
		5F54355AC41748E5801D39F5 /* CDVContacts.m */ = {isa = PBXFileReference; name = "CDVContacts.m"; path = "cordova-plugin-contacts/CDVContacts.m"; sourceTree = "<group>"; fileEncoding = 4; lastKnownFileType = sourcecode.c.objc; explicitFileType = undefined; includeInIndex = 0; };
		5161B9E7FABD42B9A3F69216 /* CDVContact.m */ = {isa = PBXFileReference; name = "CDVContact.m"; path = "cordova-plugin-contacts/CDVContact.m"; sourceTree = "<group>"; fileEncoding = 4; lastKnownFileType = sourcecode.c.objc; explicitFileType = undefined; includeInIndex = 0; };
		F622CA6EB7134CDC9732A151 /* CDVContacts.h */ = {isa = PBXFileReference; name = "CDVContacts.h"; path = "cordova-plugin-contacts/CDVContacts.h"; sourceTree = "<group>"; fileEncoding = 4; lastKnownFileType = sourcecode.c.h; explicitFileType = undefined; includeInIndex = 0; };
		B01872726E6C4E98B89E1967 /* CDVContact.h */ = {isa = PBXFileReference; name = "CDVContact.h"; path = "cordova-plugin-contacts/CDVContact.h"; sourceTree = "<group>"; fileEncoding = 4; lastKnownFileType = sourcecode.c.h; explicitFileType = undefined; includeInIndex = 0; };
		CD7DEE3DA22846F5B17BACD1 /* AddressBook.framework */ = {isa = PBXFileReference; name = "AddressBook.framework"; path = "System/Library/Frameworks/AddressBook.framework"; sourceTree = SDKROOT; fileEncoding = undefined; lastKnownFileType = wrapper.framework; explicitFileType = undefined; includeInIndex = 0; };
		E554C12A5E5D47FD80D3B822 /* AddressBookUI.framework */ = {isa = PBXFileReference; name = "AddressBookUI.framework"; path = "System/Library/Frameworks/AddressBookUI.framework"; sourceTree = SDKROOT; fileEncoding = undefined; lastKnownFileType = wrapper.framework; explicitFileType = undefined; includeInIndex = 0; };
		BC9CE5524A014CE6A515463B /* CDVDevice.m */ = {isa = PBXFileReference; name = "CDVDevice.m"; path = "cordova-plugin-device/CDVDevice.m"; sourceTree = "<group>"; fileEncoding = 4; lastKnownFileType = sourcecode.c.objc; explicitFileType = undefined; includeInIndex = 0; };
		3568F68E922A442684AEA411 /* CDVDevice.h */ = {isa = PBXFileReference; name = "CDVDevice.h"; path = "cordova-plugin-device/CDVDevice.h"; sourceTree = "<group>"; fileEncoding = 4; lastKnownFileType = sourcecode.c.h; explicitFileType = undefined; includeInIndex = 0; };
		A0D290A0487947B28E2DC1D8 /* libz.tbd */ = {isa = PBXFileReference; name = "libz.tbd"; path = "usr/lib/libz.tbd"; sourceTree = SDKROOT; fileEncoding = undefined; lastKnownFileType = sourcecode.text-based-dylib-definition; explicitFileType = undefined; includeInIndex = 0; };
		EBC94A45280849DA887FDF74 /* CDVNotification.m */ = {isa = PBXFileReference; name = "CDVNotification.m"; path = "cordova-plugin-dialogs/CDVNotification.m"; sourceTree = "<group>"; fileEncoding = 4; lastKnownFileType = sourcecode.c.objc; explicitFileType = undefined; includeInIndex = 0; };
		E6DD2BF4A6F446DEB5987591 /* CDVNotification.h */ = {isa = PBXFileReference; name = "CDVNotification.h"; path = "cordova-plugin-dialogs/CDVNotification.h"; sourceTree = "<group>"; fileEncoding = 4; lastKnownFileType = sourcecode.c.h; explicitFileType = undefined; includeInIndex = 0; };
		E1A42C40D4E4493A9D665695 /* CDVNotification.bundle */ = {isa = PBXFileReference; name = "CDVNotification.bundle"; path = "CDVNotification.bundle"; sourceTree = "<group>"; fileEncoding = undefined; lastKnownFileType = wrapper.plug-in; explicitFileType = undefined; includeInIndex = 0; };
		A98D96751AE3497AB8BBE954 /* AudioToolbox.framework */ = {isa = PBXFileReference; name = "AudioToolbox.framework"; path = "System/Library/Frameworks/AudioToolbox.framework"; sourceTree = SDKROOT; fileEncoding = undefined; lastKnownFileType = wrapper.framework; explicitFileType = undefined; includeInIndex = 0; };
		93A50CB169514D7AB4652038 /* CDVInAppBrowser.m */ = {isa = PBXFileReference; name = "CDVInAppBrowser.m"; path = "cordova-plugin-inappbrowser/CDVInAppBrowser.m"; sourceTree = "<group>"; fileEncoding = 4; lastKnownFileType = sourcecode.c.objc; explicitFileType = undefined; includeInIndex = 0; };
		69C65A4ACC984ABA9CBE5F86 /* CDVInAppBrowser.h */ = {isa = PBXFileReference; name = "CDVInAppBrowser.h"; path = "cordova-plugin-inappbrowser/CDVInAppBrowser.h"; sourceTree = "<group>"; fileEncoding = 4; lastKnownFileType = sourcecode.c.h; explicitFileType = undefined; includeInIndex = 0; };
		BCCC2867D8C54027A4189B27 /* CDVConnection.m */ = {isa = PBXFileReference; name = "CDVConnection.m"; path = "cordova-plugin-network-information/CDVConnection.m"; sourceTree = "<group>"; fileEncoding = 4; lastKnownFileType = sourcecode.c.objc; explicitFileType = undefined; includeInIndex = 0; };
		929878EB82664E1C9536B382 /* CDVReachability.m */ = {isa = PBXFileReference; name = "CDVReachability.m"; path = "cordova-plugin-network-information/CDVReachability.m"; sourceTree = "<group>"; fileEncoding = 4; lastKnownFileType = sourcecode.c.objc; explicitFileType = undefined; includeInIndex = 0; };
		A22748AB052B40BEBCBCF7F3 /* CDVConnection.h */ = {isa = PBXFileReference; name = "CDVConnection.h"; path = "cordova-plugin-network-information/CDVConnection.h"; sourceTree = "<group>"; fileEncoding = 4; lastKnownFileType = sourcecode.c.h; explicitFileType = undefined; includeInIndex = 0; };
		DA891F84CFEB4369AFE09268 /* CDVReachability.h */ = {isa = PBXFileReference; name = "CDVReachability.h"; path = "cordova-plugin-network-information/CDVReachability.h"; sourceTree = "<group>"; fileEncoding = 4; lastKnownFileType = sourcecode.c.h; explicitFileType = undefined; includeInIndex = 0; };
		E628C2CA87D44F62A0714E64 /* SystemConfiguration.framework */ = {isa = PBXFileReference; name = "SystemConfiguration.framework"; path = "System/Library/Frameworks/SystemConfiguration.framework"; sourceTree = SDKROOT; fileEncoding = undefined; lastKnownFileType = wrapper.framework; explicitFileType = undefined; includeInIndex = 0; };
		A108C6302053411092A16E88 /* CoreTelephony.framework */ = {isa = PBXFileReference; name = "CoreTelephony.framework"; path = "System/Library/Frameworks/CoreTelephony.framework"; sourceTree = SDKROOT; fileEncoding = undefined; lastKnownFileType = wrapper.framework; explicitFileType = undefined; includeInIndex = 0; };
		63F63547AB4F48679CBFC026 /* CDVStatusBar.m */ = {isa = PBXFileReference; name = "CDVStatusBar.m"; path = "cordova-plugin-statusbar/CDVStatusBar.m"; sourceTree = "<group>"; fileEncoding = 4; lastKnownFileType = sourcecode.c.objc; explicitFileType = undefined; includeInIndex = 0; };
		6FF020E9F3C74D28BA0F7A66 /* CDVStatusBar.h */ = {isa = PBXFileReference; name = "CDVStatusBar.h"; path = "cordova-plugin-statusbar/CDVStatusBar.h"; sourceTree = "<group>"; fileEncoding = 4; lastKnownFileType = sourcecode.c.h; explicitFileType = undefined; includeInIndex = 0; };
		AB151D53D3E64C78934389DE /* AppDelegate+notification.m */ = {isa = PBXFileReference; name = "AppDelegate+notification.m"; path = "phonegap-plugin-push/AppDelegate+notification.m"; sourceTree = "<group>"; fileEncoding = 4; lastKnownFileType = sourcecode.c.objc; explicitFileType = undefined; includeInIndex = 0; };
		C6AF6F4E74C24771A58E251D /* PushPlugin.m */ = {isa = PBXFileReference; name = "PushPlugin.m"; path = "phonegap-plugin-push/PushPlugin.m"; sourceTree = "<group>"; fileEncoding = 4; lastKnownFileType = sourcecode.c.objc; explicitFileType = undefined; includeInIndex = 0; };
		3863706071EB4CD29299AEF3 /* libGGLCloudMessaging.a */ = {isa = PBXFileReference; name = "libGGLCloudMessaging.a"; path = "Guidetti NG Test/Plugins/phonegap-plugin-push/GCM/Libraries/libGGLCloudMessaging.a"; sourceTree = "<group>"; fileEncoding = undefined; lastKnownFileType = archive.ar; explicitFileType = undefined; includeInIndex = 0; };
		0BA1CE3F38074C3E83A9254B /* libGGLCore.a */ = {isa = PBXFileReference; name = "libGGLCore.a"; path = "Guidetti NG Test/Plugins/phonegap-plugin-push/GCM/Libraries/libGGLCore.a"; sourceTree = "<group>"; fileEncoding = undefined; lastKnownFileType = archive.ar; explicitFileType = undefined; includeInIndex = 0; };
		04071FC5EB9849C39D3E2B2A /* libGGLInstanceIDLib.a */ = {isa = PBXFileReference; name = "libGGLInstanceIDLib.a"; path = "Guidetti NG Test/Plugins/phonegap-plugin-push/GCM/Libraries/libGGLInstanceIDLib.a"; sourceTree = "<group>"; fileEncoding = undefined; lastKnownFileType = archive.ar; explicitFileType = undefined; includeInIndex = 0; };
		646D1E0177F94A5BAEA07118 /* libGIP_Reachability.a */ = {isa = PBXFileReference; name = "libGIP_Reachability.a"; path = "Guidetti NG Test/Plugins/phonegap-plugin-push/GCM/Libraries/libGIP_Reachability.a"; sourceTree = "<group>"; fileEncoding = undefined; lastKnownFileType = archive.ar; explicitFileType = undefined; includeInIndex = 0; };
		A3164233C3FB49268C1F2218 /* libGSDK_Overload.a */ = {isa = PBXFileReference; name = "libGSDK_Overload.a"; path = "Guidetti NG Test/Plugins/phonegap-plugin-push/GCM/Libraries/libGSDK_Overload.a"; sourceTree = "<group>"; fileEncoding = undefined; lastKnownFileType = archive.ar; explicitFileType = undefined; includeInIndex = 0; };
		D00F7A7F0001485A85CC7901 /* libGTMSessionFetcher_core.a */ = {isa = PBXFileReference; name = "libGTMSessionFetcher_core.a"; path = "Guidetti NG Test/Plugins/phonegap-plugin-push/GCM/Libraries/libGTMSessionFetcher_core.a"; sourceTree = "<group>"; fileEncoding = undefined; lastKnownFileType = archive.ar; explicitFileType = undefined; includeInIndex = 0; };
		FC97502035104D4688052BB7 /* libGTMSessionFetcher_full.a */ = {isa = PBXFileReference; name = "libGTMSessionFetcher_full.a"; path = "Guidetti NG Test/Plugins/phonegap-plugin-push/GCM/Libraries/libGTMSessionFetcher_full.a"; sourceTree = "<group>"; fileEncoding = undefined; lastKnownFileType = archive.ar; explicitFileType = undefined; includeInIndex = 0; };
		2EB7CE670E1C4D0A9DBA8F4C /* libGTMStackTrace.a */ = {isa = PBXFileReference; name = "libGTMStackTrace.a"; path = "Guidetti NG Test/Plugins/phonegap-plugin-push/GCM/Libraries/libGTMStackTrace.a"; sourceTree = "<group>"; fileEncoding = undefined; lastKnownFileType = archive.ar; explicitFileType = undefined; includeInIndex = 0; };
		352776C1141F4C2D9946FF7B /* libGTM_AddressBook.a */ = {isa = PBXFileReference; name = "libGTM_AddressBook.a"; path = "Guidetti NG Test/Plugins/phonegap-plugin-push/GCM/Libraries/libGTM_AddressBook.a"; sourceTree = "<group>"; fileEncoding = undefined; lastKnownFileType = archive.ar; explicitFileType = undefined; includeInIndex = 0; };
		AAC253E6A2DD49EEBC6DD433 /* libGTM_DebugUtils.a */ = {isa = PBXFileReference; name = "libGTM_DebugUtils.a"; path = "Guidetti NG Test/Plugins/phonegap-plugin-push/GCM/Libraries/libGTM_DebugUtils.a"; sourceTree = "<group>"; fileEncoding = undefined; lastKnownFileType = archive.ar; explicitFileType = undefined; includeInIndex = 0; };
		11A8EEBA25904806BF6F4AEC /* libGTM_GTMURLBuilder.a */ = {isa = PBXFileReference; name = "libGTM_GTMURLBuilder.a"; path = "Guidetti NG Test/Plugins/phonegap-plugin-push/GCM/Libraries/libGTM_GTMURLBuilder.a"; sourceTree = "<group>"; fileEncoding = undefined; lastKnownFileType = archive.ar; explicitFileType = undefined; includeInIndex = 0; };
		73D49E0E39B745A6A00BC21C /* libGTM_KVO.a */ = {isa = PBXFileReference; name = "libGTM_KVO.a"; path = "Guidetti NG Test/Plugins/phonegap-plugin-push/GCM/Libraries/libGTM_KVO.a"; sourceTree = "<group>"; fileEncoding = undefined; lastKnownFileType = archive.ar; explicitFileType = undefined; includeInIndex = 0; };
		2C8144198295401EB0A6CABE /* libGTM_NSData+zlib.a */ = {isa = PBXFileReference; name = "libGTM_NSData+zlib.a"; path = "Guidetti NG Test/Plugins/phonegap-plugin-push/GCM/Libraries/libGTM_NSData+zlib.a"; sourceTree = "<group>"; fileEncoding = undefined; lastKnownFileType = archive.ar; explicitFileType = undefined; includeInIndex = 0; };
		1109627C3F874B5B9CB1D4C9 /* libGTM_NSDictionary+URLArguments.a */ = {isa = PBXFileReference; name = "libGTM_NSDictionary+URLArguments.a"; path = "Guidetti NG Test/Plugins/phonegap-plugin-push/GCM/Libraries/libGTM_NSDictionary+URLArguments.a"; sourceTree = "<group>"; fileEncoding = undefined; lastKnownFileType = archive.ar; explicitFileType = undefined; includeInIndex = 0; };
		3E68856D4EAF4A4FA595A8A5 /* libGTM_NSScannerJSON.a */ = {isa = PBXFileReference; name = "libGTM_NSScannerJSON.a"; path = "Guidetti NG Test/Plugins/phonegap-plugin-push/GCM/Libraries/libGTM_NSScannerJSON.a"; sourceTree = "<group>"; fileEncoding = undefined; lastKnownFileType = archive.ar; explicitFileType = undefined; includeInIndex = 0; };
		94E4F0916DF744469541296E /* libGTM_NSStringHTML.a */ = {isa = PBXFileReference; name = "libGTM_NSStringHTML.a"; path = "Guidetti NG Test/Plugins/phonegap-plugin-push/GCM/Libraries/libGTM_NSStringHTML.a"; sourceTree = "<group>"; fileEncoding = undefined; lastKnownFileType = archive.ar; explicitFileType = undefined; includeInIndex = 0; };
		A688962DF7C646879E57C184 /* libGTM_NSStringXML.a */ = {isa = PBXFileReference; name = "libGTM_NSStringXML.a"; path = "Guidetti NG Test/Plugins/phonegap-plugin-push/GCM/Libraries/libGTM_NSStringXML.a"; sourceTree = "<group>"; fileEncoding = undefined; lastKnownFileType = archive.ar; explicitFileType = undefined; includeInIndex = 0; };
		D753CD181EE746338BC00830 /* libGTM_Regex.a */ = {isa = PBXFileReference; name = "libGTM_Regex.a"; path = "Guidetti NG Test/Plugins/phonegap-plugin-push/GCM/Libraries/libGTM_Regex.a"; sourceTree = "<group>"; fileEncoding = undefined; lastKnownFileType = archive.ar; explicitFileType = undefined; includeInIndex = 0; };
		BECAB4D334204F809AAF65B0 /* libGTM_RoundedRectPath.a */ = {isa = PBXFileReference; name = "libGTM_RoundedRectPath.a"; path = "Guidetti NG Test/Plugins/phonegap-plugin-push/GCM/Libraries/libGTM_RoundedRectPath.a"; sourceTree = "<group>"; fileEncoding = undefined; lastKnownFileType = archive.ar; explicitFileType = undefined; includeInIndex = 0; };
		00715D4DCD614A3DB9F8B481 /* libGTM_StringEncoding.a */ = {isa = PBXFileReference; name = "libGTM_StringEncoding.a"; path = "Guidetti NG Test/Plugins/phonegap-plugin-push/GCM/Libraries/libGTM_StringEncoding.a"; sourceTree = "<group>"; fileEncoding = undefined; lastKnownFileType = archive.ar; explicitFileType = undefined; includeInIndex = 0; };
		9D81D17E4DE447B981275C78 /* libGTM_SystemVersion.a */ = {isa = PBXFileReference; name = "libGTM_SystemVersion.a"; path = "Guidetti NG Test/Plugins/phonegap-plugin-push/GCM/Libraries/libGTM_SystemVersion.a"; sourceTree = "<group>"; fileEncoding = undefined; lastKnownFileType = archive.ar; explicitFileType = undefined; includeInIndex = 0; };
		550CD56B79EF4A18AB4C0A8D /* libGTM_UIFont+LineHeight.a */ = {isa = PBXFileReference; name = "libGTM_UIFont+LineHeight.a"; path = "Guidetti NG Test/Plugins/phonegap-plugin-push/GCM/Libraries/libGTM_UIFont+LineHeight.a"; sourceTree = "<group>"; fileEncoding = undefined; lastKnownFileType = archive.ar; explicitFileType = undefined; includeInIndex = 0; };
		69690F22BF39401FA3DD70CC /* libGTM_core.a */ = {isa = PBXFileReference; name = "libGTM_core.a"; path = "Guidetti NG Test/Plugins/phonegap-plugin-push/GCM/Libraries/libGTM_core.a"; sourceTree = "<group>"; fileEncoding = undefined; lastKnownFileType = archive.ar; explicitFileType = undefined; includeInIndex = 0; };
		2DBDB3F12D764C0AADB104C7 /* libGTM_iPhone.a */ = {isa = PBXFileReference; name = "libGTM_iPhone.a"; path = "Guidetti NG Test/Plugins/phonegap-plugin-push/GCM/Libraries/libGTM_iPhone.a"; sourceTree = "<group>"; fileEncoding = undefined; lastKnownFileType = archive.ar; explicitFileType = undefined; includeInIndex = 0; };
		5726517D45DE4F0984B96678 /* libGcmLib.a */ = {isa = PBXFileReference; name = "libGcmLib.a"; path = "Guidetti NG Test/Plugins/phonegap-plugin-push/GCM/Libraries/libGcmLib.a"; sourceTree = "<group>"; fileEncoding = undefined; lastKnownFileType = archive.ar; explicitFileType = undefined; includeInIndex = 0; };
		29CC2CBD74FD4650BE4EC5DF /* libProtocolBuffers.a */ = {isa = PBXFileReference; name = "libProtocolBuffers.a"; path = "Guidetti NG Test/Plugins/phonegap-plugin-push/GCM/Libraries/libProtocolBuffers.a"; sourceTree = "<group>"; fileEncoding = undefined; lastKnownFileType = archive.ar; explicitFileType = undefined; includeInIndex = 0; };
		4F791DD97F8E4ECBB379BBCE /* AppDelegate+notification.h */ = {isa = PBXFileReference; name = "AppDelegate+notification.h"; path = "phonegap-plugin-push/AppDelegate+notification.h"; sourceTree = "<group>"; fileEncoding = 4; lastKnownFileType = sourcecode.c.h; explicitFileType = undefined; includeInIndex = 0; };
		4512021B8300413EB8057582 /* PushPlugin.h */ = {isa = PBXFileReference; name = "PushPlugin.h"; path = "phonegap-plugin-push/PushPlugin.h"; sourceTree = "<group>"; fileEncoding = 4; lastKnownFileType = sourcecode.c.h; explicitFileType = undefined; includeInIndex = 0; };
		11AB39430F8B467882AF09F7 /* GGLInstanceID.h */ = {isa = PBXFileReference; name = "GGLInstanceID.h"; path = "phonegap-plugin-push/GCM/Headers/GGLInstanceID.h"; sourceTree = "<group>"; fileEncoding = 4; lastKnownFileType = sourcecode.c.h; explicitFileType = undefined; includeInIndex = 0; };
		AF7494C1559C45A4806EE9AF /* GGLInstanceIDConfig.h */ = {isa = PBXFileReference; name = "GGLInstanceIDConfig.h"; path = "phonegap-plugin-push/GCM/Headers/GGLInstanceIDConfig.h"; sourceTree = "<group>"; fileEncoding = 4; lastKnownFileType = sourcecode.c.h; explicitFileType = undefined; includeInIndex = 0; };
		56D142730112466FA7D36CF4 /* GGLInstanceIDDelegate.h */ = {isa = PBXFileReference; name = "GGLInstanceIDDelegate.h"; path = "phonegap-plugin-push/GCM/Headers/GGLInstanceIDDelegate.h"; sourceTree = "<group>"; fileEncoding = 4; lastKnownFileType = sourcecode.c.h; explicitFileType = undefined; includeInIndex = 0; };
		1BEAAFC8C46D4A96A0917B0F /* GGLInstanceIDHeaders.h */ = {isa = PBXFileReference; name = "GGLInstanceIDHeaders.h"; path = "phonegap-plugin-push/GCM/Headers/GGLInstanceIDHeaders.h"; sourceTree = "<group>"; fileEncoding = 4; lastKnownFileType = sourcecode.c.h; explicitFileType = undefined; includeInIndex = 0; };
		BD0EBE2D9CB84B508B9E1BC2 /* CloudMessaging.h */ = {isa = PBXFileReference; name = "CloudMessaging.h"; path = "phonegap-plugin-push/GCM/Headers/CloudMessaging.h"; sourceTree = "<group>"; fileEncoding = 4; lastKnownFileType = sourcecode.c.h; explicitFileType = undefined; includeInIndex = 0; };
		D40D5A9181824A4CA4CC1BE3 /* GGLContext+CloudMessaging.h */ = {isa = PBXFileReference; name = "GGLContext+CloudMessaging.h"; path = "phonegap-plugin-push/GCM/Headers/GGLContext+CloudMessaging.h"; sourceTree = "<group>"; fileEncoding = 4; lastKnownFileType = sourcecode.c.h; explicitFileType = undefined; includeInIndex = 0; };
		3988BDF623AA4DC0A09A5E30 /* Core.h */ = {isa = PBXFileReference; name = "Core.h"; path = "phonegap-plugin-push/GCM/Headers/Core.h"; sourceTree = "<group>"; fileEncoding = 4; lastKnownFileType = sourcecode.c.h; explicitFileType = undefined; includeInIndex = 0; };
		EBF7D9B069DF4737B8470115 /* GGLConfiguration.h */ = {isa = PBXFileReference; name = "GGLConfiguration.h"; path = "phonegap-plugin-push/GCM/Headers/GGLConfiguration.h"; sourceTree = "<group>"; fileEncoding = 4; lastKnownFileType = sourcecode.c.h; explicitFileType = undefined; includeInIndex = 0; };
		6EF1453D4E824BAD9C701F43 /* GGLContext.h */ = {isa = PBXFileReference; name = "GGLContext.h"; path = "phonegap-plugin-push/GCM/Headers/GGLContext.h"; sourceTree = "<group>"; fileEncoding = 4; lastKnownFileType = sourcecode.c.h; explicitFileType = undefined; includeInIndex = 0; };
		E93D8C43344F41028FBB29ED /* GGLErrorCode.h */ = {isa = PBXFileReference; name = "GGLErrorCode.h"; path = "phonegap-plugin-push/GCM/Headers/GGLErrorCode.h"; sourceTree = "<group>"; fileEncoding = 4; lastKnownFileType = sourcecode.c.h; explicitFileType = undefined; includeInIndex = 0; };
		AB06E1B7D15D44AC84696648 /* GCMConfig.h */ = {isa = PBXFileReference; name = "GCMConfig.h"; path = "phonegap-plugin-push/GCM/Headers/GCMConfig.h"; sourceTree = "<group>"; fileEncoding = 4; lastKnownFileType = sourcecode.c.h; explicitFileType = undefined; includeInIndex = 0; };
		1787F88D5B5244EA8631A272 /* GCMPubSub.h */ = {isa = PBXFileReference; name = "GCMPubSub.h"; path = "phonegap-plugin-push/GCM/Headers/GCMPubSub.h"; sourceTree = "<group>"; fileEncoding = 4; lastKnownFileType = sourcecode.c.h; explicitFileType = undefined; includeInIndex = 0; };
		7D07F1DC84014D1E919CED51 /* GCMReceiverDelegate.h */ = {isa = PBXFileReference; name = "GCMReceiverDelegate.h"; path = "phonegap-plugin-push/GCM/Headers/GCMReceiverDelegate.h"; sourceTree = "<group>"; fileEncoding = 4; lastKnownFileType = sourcecode.c.h; explicitFileType = undefined; includeInIndex = 0; };
		F15557061CEB4E8E8905FD0C /* GCMService.h */ = {isa = PBXFileReference; name = "GCMService.h"; path = "phonegap-plugin-push/GCM/Headers/GCMService.h"; sourceTree = "<group>"; fileEncoding = 4; lastKnownFileType = sourcecode.c.h; explicitFileType = undefined; includeInIndex = 0; };
		024160567C7542DF8B3A11D3 /* GoogleCloudMessaging.h */ = {isa = PBXFileReference; name = "GoogleCloudMessaging.h"; path = "phonegap-plugin-push/GCM/Headers/GoogleCloudMessaging.h"; sourceTree = "<group>"; fileEncoding = 4; lastKnownFileType = sourcecode.c.h; explicitFileType = undefined; includeInIndex = 0; };
		72053832538A42DFA6930EF9 /* libsqlite3.tbd */ = {isa = PBXFileReference; name = "libsqlite3.tbd"; path = "usr/lib/libsqlite3.tbd"; sourceTree = SDKROOT; fileEncoding = undefined; lastKnownFileType = sourcecode.text-based-dylib-definition; explicitFileType = undefined; includeInIndex = 0; };
/* End PBXFileReference section */

/* Begin PBXFrameworksBuildPhase section */
		1D60588F0D05DD3D006BFB54 /* Frameworks */ = {
			isa = PBXFrameworksBuildPhase;
			buildActionMask = 2147483647;
			files = (
				301BF552109A68D80062928A /* libCordova.a in Frameworks */,
				BD7EED53C37D46F9BA20E86B /* AddressBook.framework in Frameworks */,
				FA6B5F6F60494FCE83DCE568 /* AddressBookUI.framework in Frameworks */,
				76BCC5855ACA4FC1856B3650 /* libz.tbd in Frameworks */,
				F3D365B4DF06444194AF3975 /* AudioToolbox.framework in Frameworks */,
				DAD89814D1C743C395405938 /* SystemConfiguration.framework in Frameworks */,
				E945752024E04A208DEDDFAF /* CoreTelephony.framework in Frameworks */,
				7DAA815F45334770BF245AE9 /* libGGLCloudMessaging.a in Frameworks */,
				BF9802E39AF644659319D835 /* libGGLCore.a in Frameworks */,
				1B6881664BB74049BCB22F51 /* libGGLInstanceIDLib.a in Frameworks */,
				34F3B5354C184844A89D7596 /* libGIP_Reachability.a in Frameworks */,
				75B41D915A5242C0A67AD46B /* libGSDK_Overload.a in Frameworks */,
				2B10155C433C4A399081FCB8 /* libGTMSessionFetcher_core.a in Frameworks */,
				39953E3821A2451BB3FD1E75 /* libGTMSessionFetcher_full.a in Frameworks */,
				41C79DD074D24C08A40A24E2 /* libGTMStackTrace.a in Frameworks */,
				1C5500BF8BEB4526A71EC380 /* libGTM_AddressBook.a in Frameworks */,
				E0E130310998470E812FB52C /* libGTM_DebugUtils.a in Frameworks */,
				D4B6B12E6F5A4FDCB4821DD9 /* libGTM_GTMURLBuilder.a in Frameworks */,
				A5BE86A0EB0540FA86A87085 /* libGTM_KVO.a in Frameworks */,
				E03C9B57A636402EAA14377C /* libGTM_NSData+zlib.a in Frameworks */,
				3D859817E97A47D2B22EE887 /* libGTM_NSDictionary+URLArguments.a in Frameworks */,
				5F0CBF27CB3C4C589FA57A9D /* libGTM_NSScannerJSON.a in Frameworks */,
				A71D2181C075490A909DA1CF /* libGTM_NSStringHTML.a in Frameworks */,
				80DC96D24A7843B8A25FB511 /* libGTM_NSStringXML.a in Frameworks */,
				E2415033EABB4BC2AC417DB7 /* libGTM_Regex.a in Frameworks */,
				BFD4EFF606FD4030B746059D /* libGTM_RoundedRectPath.a in Frameworks */,
				57E0838C9570448394EDEC83 /* libGTM_StringEncoding.a in Frameworks */,
				3557B164447F4316939275B5 /* libGTM_SystemVersion.a in Frameworks */,
				EC4A17CAD9144F7FA2A1988F /* libGTM_UIFont+LineHeight.a in Frameworks */,
				E9C95ED14FEF456D88B68C01 /* libGTM_core.a in Frameworks */,
				01390F4A256040BDBD8516DF /* libGTM_iPhone.a in Frameworks */,
				FB76E9ED80B54A56AE5DEDEB /* libGcmLib.a in Frameworks */,
				526888ADE0A54CA685EC642F /* libProtocolBuffers.a in Frameworks */,
				93A5536E01A146A2B611BE79 /* libsqlite3.tbd in Frameworks */,
			);
			runOnlyForDeploymentPostprocessing = 0;
		};
/* End PBXFrameworksBuildPhase section */

/* Begin PBXGroup section */
		080E96DDFE201D6D7F000001 /* Classes */ = {
			isa = PBXGroup;
			children = (
				302D95EE14D2391D003F00A1 /* MainViewController.h */,
				302D95EF14D2391D003F00A1 /* MainViewController.m */,
				302D95F014D2391D003F00A1 /* MainViewController.xib */,
				1D3623240D0F684500981E51 /* AppDelegate.h */,
				1D3623250D0F684500981E51 /* AppDelegate.m */,
			);
			name = Classes;
			path = "Guidetti NG Test/Classes";
			sourceTree = SOURCE_ROOT;
		};
		19C28FACFE9D520D11CA2CBB /* Products */ = {
			isa = PBXGroup;
			children = (
				1D6058910D05DD3D006BFB54 /* Guidetti NG Test.app */,
			);
			name = Products;
			sourceTree = "<group>";
		};
		29B97314FDCFA39411CA2CEA /* CustomTemplate */ = {
			isa = PBXGroup;
			children = (
				EB87FDF41871DAF40020F90C /* config.xml */,
				EB87FDF31871DA8E0020F90C /* www */,
				EB87FDF11871DA420020F90C /* Staging */,
				301BF52D109A57CC0062928A /* CordovaLib.xcodeproj */,
				080E96DDFE201D6D7F000001 /* Classes */,
				307C750510C5A3420062BCA9 /* Plugins */,
				29B97315FDCFA39411CA2CEA /* Other Sources */,
				29B97317FDCFA39411CA2CEA /* Resources */,
				29B97323FDCFA39411CA2CEA /* Frameworks */,
				19C28FACFE9D520D11CA2CBB /* Products */,
			);
			name = CustomTemplate;
			sourceTree = "<group>";
		};
		29B97315FDCFA39411CA2CEA /* Other Sources */ = {
			isa = PBXGroup;
			children = (
				32CA4F630368D1EE00C91783 /* Guidetti NG Test-Prefix.pch */,
				29B97316FDCFA39411CA2CEA /* main.m */,
				ED33DF2A687741AEAF9F8254 /* Bridging-Header.h */,
			);
			name = "Other Sources";
			path = "Guidetti NG Test";
			sourceTree = "<group>";
		};
		29B97317FDCFA39411CA2CEA /* Resources */ = {
			isa = PBXGroup;
			children = (
				0207DA571B56EA530066E2B4 /* Images.xcassets */,
				3047A50E1AB8057F00498E2A /* config */,
				8D1107310486CEB800E47090 /* Guidetti NG Test-Info.plist */,
				6AFF5BF81D6E424B00AB3073 /* CDVLaunchScreen.storyboard */,
				E1A42C40D4E4493A9D665695 /* CDVNotification.bundle */,
			);
			name = Resources;
			path = "Guidetti NG Test/Resources";
			sourceTree = "<group>";
		};
		29B97323FDCFA39411CA2CEA /* Frameworks */ = {
			isa = PBXGroup;
			children = (
				CD7DEE3DA22846F5B17BACD1 /* AddressBook.framework */,
				E554C12A5E5D47FD80D3B822 /* AddressBookUI.framework */,
				A0D290A0487947B28E2DC1D8 /* libz.tbd */,
				A98D96751AE3497AB8BBE954 /* AudioToolbox.framework */,
				E628C2CA87D44F62A0714E64 /* SystemConfiguration.framework */,
				A108C6302053411092A16E88 /* CoreTelephony.framework */,
				3863706071EB4CD29299AEF3 /* libGGLCloudMessaging.a */,
				0BA1CE3F38074C3E83A9254B /* libGGLCore.a */,
				04071FC5EB9849C39D3E2B2A /* libGGLInstanceIDLib.a */,
				646D1E0177F94A5BAEA07118 /* libGIP_Reachability.a */,
				A3164233C3FB49268C1F2218 /* libGSDK_Overload.a */,
				D00F7A7F0001485A85CC7901 /* libGTMSessionFetcher_core.a */,
				FC97502035104D4688052BB7 /* libGTMSessionFetcher_full.a */,
				2EB7CE670E1C4D0A9DBA8F4C /* libGTMStackTrace.a */,
				352776C1141F4C2D9946FF7B /* libGTM_AddressBook.a */,
				AAC253E6A2DD49EEBC6DD433 /* libGTM_DebugUtils.a */,
				11A8EEBA25904806BF6F4AEC /* libGTM_GTMURLBuilder.a */,
				73D49E0E39B745A6A00BC21C /* libGTM_KVO.a */,
				2C8144198295401EB0A6CABE /* libGTM_NSData+zlib.a */,
				1109627C3F874B5B9CB1D4C9 /* libGTM_NSDictionary+URLArguments.a */,
				3E68856D4EAF4A4FA595A8A5 /* libGTM_NSScannerJSON.a */,
				94E4F0916DF744469541296E /* libGTM_NSStringHTML.a */,
				A688962DF7C646879E57C184 /* libGTM_NSStringXML.a */,
				D753CD181EE746338BC00830 /* libGTM_Regex.a */,
				BECAB4D334204F809AAF65B0 /* libGTM_RoundedRectPath.a */,
				00715D4DCD614A3DB9F8B481 /* libGTM_StringEncoding.a */,
				9D81D17E4DE447B981275C78 /* libGTM_SystemVersion.a */,
				550CD56B79EF4A18AB4C0A8D /* libGTM_UIFont+LineHeight.a */,
				69690F22BF39401FA3DD70CC /* libGTM_core.a */,
				2DBDB3F12D764C0AADB104C7 /* libGTM_iPhone.a */,
				5726517D45DE4F0984B96678 /* libGcmLib.a */,
				29CC2CBD74FD4650BE4EC5DF /* libProtocolBuffers.a */,
				72053832538A42DFA6930EF9 /* libsqlite3.tbd */,
			);
			name = Frameworks;
			sourceTree = "<group>";
		};
		301BF52E109A57CC0062928A /* Products */ = {
			isa = PBXGroup;
			children = (
				301BF535109A57CC0062928A /* libCordova.a */,
			);
			name = Products;
			sourceTree = "<group>";
		};
		3047A50E1AB8057F00498E2A /* config */ = {
			isa = PBXGroup;
			children = (
				3047A50F1AB8059700498E2A /* build-debug.xcconfig */,
				3047A5101AB8059700498E2A /* build-release.xcconfig */,
				3047A5111AB8059700498E2A /* build.xcconfig */,
			);
			name = config;
			sourceTree = "<group>";
		};
		307C750510C5A3420062BCA9 /* Plugins */ = {
			isa = PBXGroup;
			children = (
				5F54355AC41748E5801D39F5 /* CDVContacts.m */,
				5161B9E7FABD42B9A3F69216 /* CDVContact.m */,
				F622CA6EB7134CDC9732A151 /* CDVContacts.h */,
				B01872726E6C4E98B89E1967 /* CDVContact.h */,
				BC9CE5524A014CE6A515463B /* CDVDevice.m */,
				3568F68E922A442684AEA411 /* CDVDevice.h */,
				EBC94A45280849DA887FDF74 /* CDVNotification.m */,
				E6DD2BF4A6F446DEB5987591 /* CDVNotification.h */,
				93A50CB169514D7AB4652038 /* CDVInAppBrowser.m */,
				69C65A4ACC984ABA9CBE5F86 /* CDVInAppBrowser.h */,
				BCCC2867D8C54027A4189B27 /* CDVConnection.m */,
				929878EB82664E1C9536B382 /* CDVReachability.m */,
				A22748AB052B40BEBCBCF7F3 /* CDVConnection.h */,
				DA891F84CFEB4369AFE09268 /* CDVReachability.h */,
				63F63547AB4F48679CBFC026 /* CDVStatusBar.m */,
				6FF020E9F3C74D28BA0F7A66 /* CDVStatusBar.h */,
				AB151D53D3E64C78934389DE /* AppDelegate+notification.m */,
				C6AF6F4E74C24771A58E251D /* PushPlugin.m */,
				4F791DD97F8E4ECBB379BBCE /* AppDelegate+notification.h */,
				4512021B8300413EB8057582 /* PushPlugin.h */,
				11AB39430F8B467882AF09F7 /* GGLInstanceID.h */,
				AF7494C1559C45A4806EE9AF /* GGLInstanceIDConfig.h */,
				56D142730112466FA7D36CF4 /* GGLInstanceIDDelegate.h */,
				1BEAAFC8C46D4A96A0917B0F /* GGLInstanceIDHeaders.h */,
				BD0EBE2D9CB84B508B9E1BC2 /* CloudMessaging.h */,
				D40D5A9181824A4CA4CC1BE3 /* GGLContext+CloudMessaging.h */,
				3988BDF623AA4DC0A09A5E30 /* Core.h */,
				EBF7D9B069DF4737B8470115 /* GGLConfiguration.h */,
				6EF1453D4E824BAD9C701F43 /* GGLContext.h */,
				E93D8C43344F41028FBB29ED /* GGLErrorCode.h */,
				AB06E1B7D15D44AC84696648 /* GCMConfig.h */,
				1787F88D5B5244EA8631A272 /* GCMPubSub.h */,
				7D07F1DC84014D1E919CED51 /* GCMReceiverDelegate.h */,
				F15557061CEB4E8E8905FD0C /* GCMService.h */,
				024160567C7542DF8B3A11D3 /* GoogleCloudMessaging.h */,
			);
			name = Plugins;
			path = "Guidetti NG Test/Plugins";
			sourceTree = SOURCE_ROOT;
		};
		EB87FDF11871DA420020F90C /* Staging */ = {
			isa = PBXGroup;
			children = (
				F840E1F0165FE0F500CFE078 /* config.xml */,
				301BF56E109A69640062928A /* www */,
			);
			name = Staging;
			sourceTree = "<group>";
		};
/* End PBXGroup section */

/* Begin PBXNativeTarget section */
		1D6058900D05DD3D006BFB54 /* Guidetti NG Test */ = {
			isa = PBXNativeTarget;
			buildConfigurationList = 1D6058960D05DD3E006BFB54 /* Build configuration list for PBXNativeTarget "Guidetti NG Test" */;
			buildPhases = (
				304B58A110DAC018002A0835 /* Copy www directory */,
				1D60588D0D05DD3D006BFB54 /* Resources */,
				1D60588E0D05DD3D006BFB54 /* Sources */,
				1D60588F0D05DD3D006BFB54 /* Frameworks */,
			);
			buildRules = (
			);
			dependencies = (
				301BF551109A68C00062928A /* PBXTargetDependency */,
			);
			name = "Guidetti NG Test";
			productName = "Guidetti NG Test";
			productReference = 1D6058910D05DD3D006BFB54 /* Guidetti NG Test.app */;
			productType = "com.apple.product-type.application";
		};
/* End PBXNativeTarget section */

/* Begin PBXProject section */
		29B97313FDCFA39411CA2CEA /* Project object */ = {
			isa = PBXProject;
			attributes = {
				LastUpgradeCheck = 510;
			};
			buildConfigurationList = C01FCF4E08A954540054247B /* Build configuration list for PBXProject "__NON-CLI__" */;
			compatibilityVersion = "Xcode 3.2";
			developmentRegion = English;
			hasScannedForEncodings = 1;
			mainGroup = 29B97314FDCFA39411CA2CEA /* CustomTemplate */;
			projectDirPath = "";
			projectReferences = (
				{
					ProductGroup = 301BF52E109A57CC0062928A /* Products */;
					ProjectRef = 301BF52D109A57CC0062928A /* CordovaLib.xcodeproj */;
				},
			);
			projectRoot = "";
			targets = (
				1D6058900D05DD3D006BFB54 /* Guidetti NG Test */,
			);
		};
/* End PBXProject section */

/* Begin PBXReferenceProxy section */
		301BF535109A57CC0062928A /* libCordova.a */ = {
			isa = PBXReferenceProxy;
			fileType = archive.ar;
			path = libCordova.a;
			remoteRef = 301BF534109A57CC0062928A /* PBXContainerItemProxy */;
			sourceTree = BUILT_PRODUCTS_DIR;
		};
/* End PBXReferenceProxy section */

/* Begin PBXResourcesBuildPhase section */
		1D60588D0D05DD3D006BFB54 /* Resources */ = {
			isa = PBXResourcesBuildPhase;
			buildActionMask = 2147483647;
			files = (
				302D95F214D2391D003F00A1 /* MainViewController.xib in Resources */,
				0207DA581B56EA530066E2B4 /* Images.xcassets in Resources */,
				6AFF5BF91D6E424B00AB3073 /* CDVLaunchScreen.storyboard in Resources */,
				4B1E609D8AA54EBE9FEF562A /* CDVNotification.bundle in Resources */,
			);
			runOnlyForDeploymentPostprocessing = 0;
		};
/* End PBXResourcesBuildPhase section */

/* Begin PBXShellScriptBuildPhase section */
		304B58A110DAC018002A0835 /* Copy www directory */ = {
			isa = PBXShellScriptBuildPhase;
			buildActionMask = 2147483647;
			files = (
			);
			inputPaths = (
			);
			name = "Copy www directory";
			outputPaths = (
			);
			runOnlyForDeploymentPostprocessing = 0;
			shellPath = /bin/sh;
			shellScript = "NODEJS_PATH=/usr/local/bin; NVM_NODE_PATH=~/.nvm/versions/node/`nvm version 2>/dev/null`/bin; N_NODE_PATH=`find /usr/local/n/versions/node/* -maxdepth 0 -type d 2>/dev/null | tail -1`/bin; XCODE_NODE_PATH=`xcode-select --print-path`/usr/share/xcs/Node/bin; PATH=$NODEJS_PATH:$NVM_NODE_PATH:$N_NODE_PATH:$XCODE_NODE_PATH:$PATH && node cordova/lib/copy-www-build-step.js";
			showEnvVarsInLog = 0;
		};
/* End PBXShellScriptBuildPhase section */

/* Begin PBXSourcesBuildPhase section */
		1D60588E0D05DD3D006BFB54 /* Sources */ = {
			isa = PBXSourcesBuildPhase;
			buildActionMask = 2147483647;
			files = (
				1D60589B0D05DD56006BFB54 /* main.m in Sources */,
				1D3623260D0F684500981E51 /* AppDelegate.m in Sources */,
				302D95F114D2391D003F00A1 /* MainViewController.m in Sources */,
				DE63B4F704924795B3C7A572 /* CDVContacts.m in Sources */,
				85746E0004514114B02A6234 /* CDVContact.m in Sources */,
				B6149CCB8EF64419B75920AB /* CDVDevice.m in Sources */,
				F11D123DBD154506B09C59D2 /* CDVNotification.m in Sources */,
				0FABFFA1F3324A6BA02F949F /* CDVInAppBrowser.m in Sources */,
				12EF29D322DA467E914E4968 /* CDVConnection.m in Sources */,
				245113EA49A243D99E57E253 /* CDVReachability.m in Sources */,
				3C54588753A7499F99371AF4 /* CDVStatusBar.m in Sources */,
				BA2FC3D6A30C4F56821EF1EC /* AppDelegate+notification.m in Sources */,
				A6BDC2C79AF24872ADD83B57 /* PushPlugin.m in Sources */,
			);
			runOnlyForDeploymentPostprocessing = 0;
		};
/* End PBXSourcesBuildPhase section */

/* Begin PBXTargetDependency section */
		301BF551109A68C00062928A /* PBXTargetDependency */ = {
			isa = PBXTargetDependency;
			name = CordovaLib;
			targetProxy = 301BF550109A68C00062928A /* PBXContainerItemProxy */;
		};
/* End PBXTargetDependency section */

/* Begin XCBuildConfiguration section */
		1D6058940D05DD3E006BFB54 /* Debug */ = {
			isa = XCBuildConfiguration;
			baseConfigurationReference = 3047A50F1AB8059700498E2A /* build-debug.xcconfig */;
			buildSettings = {
				ALWAYS_SEARCH_USER_PATHS = NO;
				ASSETCATALOG_COMPILER_APPICON_NAME = AppIcon;
				ASSETCATALOG_COMPILER_LAUNCHIMAGE_NAME = LaunchImage;
				CLANG_ENABLE_MODULES = YES;
				CLANG_ENABLE_OBJC_ARC = YES;
				COPY_PHASE_STRIP = NO;
				GCC_DYNAMIC_NO_PIC = NO;
				GCC_OPTIMIZATION_LEVEL = 0;
				GCC_PRECOMPILE_PREFIX_HEADER = YES;
				GCC_PREFIX_HEADER = "Guidetti NG Test/Guidetti NG Test-Prefix.pch";
				GCC_THUMB_SUPPORT = NO;
				GCC_VERSION = "";
				INFOPLIST_FILE = "Guidetti NG Test/Guidetti NG Test-Info.plist";
				IPHONEOS_DEPLOYMENT_TARGET = 8.0;
				LD_RUNPATH_SEARCH_PATHS = "@executable_path/Frameworks";
				TARGETED_DEVICE_FAMILY = "1,2";
				PRODUCT_NAME = "Guidetti NG Test";
				LIBRARY_SEARCH_PATHS = (
					"$(inherited)",
					"\"$(SRCROOT)/Guidetti NG Test/Plugins/phonegap-plugin-push/GCM/Libraries\"",
					"\"$(SRCROOT)/Guidetti NG Test/Plugins/phonegap-plugin-push/GCM/Libraries\"",
					"\"$(SRCROOT)/Guidetti NG Test/Plugins/phonegap-plugin-push/GCM/Libraries\"",
					"\"$(SRCROOT)/Guidetti NG Test/Plugins/phonegap-plugin-push/GCM/Libraries\"",
					"\"$(SRCROOT)/Guidetti NG Test/Plugins/phonegap-plugin-push/GCM/Libraries\"",
					"\"$(SRCROOT)/Guidetti NG Test/Plugins/phonegap-plugin-push/GCM/Libraries\"",
					"\"$(SRCROOT)/Guidetti NG Test/Plugins/phonegap-plugin-push/GCM/Libraries\"",
					"\"$(SRCROOT)/Guidetti NG Test/Plugins/phonegap-plugin-push/GCM/Libraries\"",
					"\"$(SRCROOT)/Guidetti NG Test/Plugins/phonegap-plugin-push/GCM/Libraries\"",
					"\"$(SRCROOT)/Guidetti NG Test/Plugins/phonegap-plugin-push/GCM/Libraries\"",
					"\"$(SRCROOT)/Guidetti NG Test/Plugins/phonegap-plugin-push/GCM/Libraries\"",
					"\"$(SRCROOT)/Guidetti NG Test/Plugins/phonegap-plugin-push/GCM/Libraries\"",
					"\"$(SRCROOT)/Guidetti NG Test/Plugins/phonegap-plugin-push/GCM/Libraries\"",
					"\"$(SRCROOT)/Guidetti NG Test/Plugins/phonegap-plugin-push/GCM/Libraries\"",
					"\"$(SRCROOT)/Guidetti NG Test/Plugins/phonegap-plugin-push/GCM/Libraries\"",
					"\"$(SRCROOT)/Guidetti NG Test/Plugins/phonegap-plugin-push/GCM/Libraries\"",
					"\"$(SRCROOT)/Guidetti NG Test/Plugins/phonegap-plugin-push/GCM/Libraries\"",
					"\"$(SRCROOT)/Guidetti NG Test/Plugins/phonegap-plugin-push/GCM/Libraries\"",
					"\"$(SRCROOT)/Guidetti NG Test/Plugins/phonegap-plugin-push/GCM/Libraries\"",
					"\"$(SRCROOT)/Guidetti NG Test/Plugins/phonegap-plugin-push/GCM/Libraries\"",
					"\"$(SRCROOT)/Guidetti NG Test/Plugins/phonegap-plugin-push/GCM/Libraries\"",
					"\"$(SRCROOT)/Guidetti NG Test/Plugins/phonegap-plugin-push/GCM/Libraries\"",
					"\"$(SRCROOT)/Guidetti NG Test/Plugins/phonegap-plugin-push/GCM/Libraries\"",
					"\"$(SRCROOT)/Guidetti NG Test/Plugins/phonegap-plugin-push/GCM/Libraries\"",
					"\"$(SRCROOT)/Guidetti NG Test/Plugins/phonegap-plugin-push/GCM/Libraries\"",
					"\"$(SRCROOT)/Guidetti NG Test/Plugins/phonegap-plugin-push/GCM/Libraries\"",
				);
			};
			name = Debug;
		};
		1D6058950D05DD3E006BFB54 /* Release */ = {
			isa = XCBuildConfiguration;
			baseConfigurationReference = 3047A5101AB8059700498E2A /* build-release.xcconfig */;
			buildSettings = {
				ALWAYS_SEARCH_USER_PATHS = NO;
				ASSETCATALOG_COMPILER_APPICON_NAME = AppIcon;
				ASSETCATALOG_COMPILER_LAUNCHIMAGE_NAME = LaunchImage;
				CLANG_ENABLE_MODULES = YES;
				CLANG_ENABLE_OBJC_ARC = YES;
				COPY_PHASE_STRIP = YES;
				GCC_PRECOMPILE_PREFIX_HEADER = YES;
				GCC_PREFIX_HEADER = "Guidetti NG Test/Guidetti NG Test-Prefix.pch";
				GCC_THUMB_SUPPORT = NO;
				GCC_VERSION = "";
				INFOPLIST_FILE = "Guidetti NG Test/Guidetti NG Test-Info.plist";
				IPHONEOS_DEPLOYMENT_TARGET = 8.0;
				LD_RUNPATH_SEARCH_PATHS = "@executable_path/Frameworks";
				TARGETED_DEVICE_FAMILY = "1,2";
				PRODUCT_NAME = "Guidetti NG Test";
				LIBRARY_SEARCH_PATHS = (
					"$(inherited)",
					"\"$(SRCROOT)/Guidetti NG Test/Plugins/phonegap-plugin-push/GCM/Libraries\"",
					"\"$(SRCROOT)/Guidetti NG Test/Plugins/phonegap-plugin-push/GCM/Libraries\"",
					"\"$(SRCROOT)/Guidetti NG Test/Plugins/phonegap-plugin-push/GCM/Libraries\"",
					"\"$(SRCROOT)/Guidetti NG Test/Plugins/phonegap-plugin-push/GCM/Libraries\"",
					"\"$(SRCROOT)/Guidetti NG Test/Plugins/phonegap-plugin-push/GCM/Libraries\"",
					"\"$(SRCROOT)/Guidetti NG Test/Plugins/phonegap-plugin-push/GCM/Libraries\"",
					"\"$(SRCROOT)/Guidetti NG Test/Plugins/phonegap-plugin-push/GCM/Libraries\"",
					"\"$(SRCROOT)/Guidetti NG Test/Plugins/phonegap-plugin-push/GCM/Libraries\"",
					"\"$(SRCROOT)/Guidetti NG Test/Plugins/phonegap-plugin-push/GCM/Libraries\"",
					"\"$(SRCROOT)/Guidetti NG Test/Plugins/phonegap-plugin-push/GCM/Libraries\"",
					"\"$(SRCROOT)/Guidetti NG Test/Plugins/phonegap-plugin-push/GCM/Libraries\"",
					"\"$(SRCROOT)/Guidetti NG Test/Plugins/phonegap-plugin-push/GCM/Libraries\"",
					"\"$(SRCROOT)/Guidetti NG Test/Plugins/phonegap-plugin-push/GCM/Libraries\"",
					"\"$(SRCROOT)/Guidetti NG Test/Plugins/phonegap-plugin-push/GCM/Libraries\"",
					"\"$(SRCROOT)/Guidetti NG Test/Plugins/phonegap-plugin-push/GCM/Libraries\"",
					"\"$(SRCROOT)/Guidetti NG Test/Plugins/phonegap-plugin-push/GCM/Libraries\"",
					"\"$(SRCROOT)/Guidetti NG Test/Plugins/phonegap-plugin-push/GCM/Libraries\"",
					"\"$(SRCROOT)/Guidetti NG Test/Plugins/phonegap-plugin-push/GCM/Libraries\"",
					"\"$(SRCROOT)/Guidetti NG Test/Plugins/phonegap-plugin-push/GCM/Libraries\"",
					"\"$(SRCROOT)/Guidetti NG Test/Plugins/phonegap-plugin-push/GCM/Libraries\"",
					"\"$(SRCROOT)/Guidetti NG Test/Plugins/phonegap-plugin-push/GCM/Libraries\"",
					"\"$(SRCROOT)/Guidetti NG Test/Plugins/phonegap-plugin-push/GCM/Libraries\"",
					"\"$(SRCROOT)/Guidetti NG Test/Plugins/phonegap-plugin-push/GCM/Libraries\"",
					"\"$(SRCROOT)/Guidetti NG Test/Plugins/phonegap-plugin-push/GCM/Libraries\"",
					"\"$(SRCROOT)/Guidetti NG Test/Plugins/phonegap-plugin-push/GCM/Libraries\"",
					"\"$(SRCROOT)/Guidetti NG Test/Plugins/phonegap-plugin-push/GCM/Libraries\"",
				);
			};
			name = Release;
		};
		C01FCF4F08A954540054247B /* Debug */ = {
			isa = XCBuildConfiguration;
			baseConfigurationReference = 3047A5111AB8059700498E2A /* build.xcconfig */;
			buildSettings = {
				CLANG_ENABLE_MODULES = YES;
				CLANG_ENABLE_OBJC_ARC = YES;
				CLANG_WARN_BOOL_CONVERSION = YES;
				CLANG_WARN_CONSTANT_CONVERSION = YES;
				CLANG_WARN_EMPTY_BODY = YES;
				CLANG_WARN_ENUM_CONVERSION = YES;
				CLANG_WARN_INT_CONVERSION = YES;
				CLANG_WARN__DUPLICATE_METHOD_MATCH = YES;
				GCC_C_LANGUAGE_STANDARD = c99;
				GCC_THUMB_SUPPORT = NO;
				GCC_VERSION = "";
				GCC_WARN_ABOUT_RETURN_TYPE = YES;
				GCC_WARN_UNDECLARED_SELECTOR = YES;
				GCC_WARN_UNINITIALIZED_AUTOS = YES;
				GCC_WARN_UNUSED_FUNCTION = YES;
				GCC_WARN_UNUSED_VARIABLE = YES;
				ONLY_ACTIVE_ARCH = YES;
				SDKROOT = iphoneos;
				SKIP_INSTALL = NO;
				TARGETED_DEVICE_FAMILY = "1,2";
				ASSETCATALOG_COMPILER_LAUNCHIMAGE_NAME = LaunchImage;
			};
			name = Debug;
		};
		C01FCF5008A954540054247B /* Release */ = {
			isa = XCBuildConfiguration;
			baseConfigurationReference = 3047A5111AB8059700498E2A /* build.xcconfig */;
			buildSettings = {
				CLANG_ENABLE_MODULES = YES;
				CLANG_ENABLE_OBJC_ARC = YES;
				CLANG_WARN_BOOL_CONVERSION = YES;
				CLANG_WARN_CONSTANT_CONVERSION = YES;
				CLANG_WARN_EMPTY_BODY = YES;
				CLANG_WARN_ENUM_CONVERSION = YES;
				CLANG_WARN_INT_CONVERSION = YES;
				CLANG_WARN__DUPLICATE_METHOD_MATCH = YES;
				GCC_C_LANGUAGE_STANDARD = c99;
				GCC_THUMB_SUPPORT = NO;
				GCC_VERSION = "";
				GCC_WARN_ABOUT_RETURN_TYPE = YES;
				GCC_WARN_UNDECLARED_SELECTOR = YES;
				GCC_WARN_UNINITIALIZED_AUTOS = YES;
				GCC_WARN_UNUSED_FUNCTION = YES;
				GCC_WARN_UNUSED_VARIABLE = YES;
				SDKROOT = iphoneos;
				SKIP_INSTALL = NO;
				TARGETED_DEVICE_FAMILY = "1,2";
				ASSETCATALOG_COMPILER_LAUNCHIMAGE_NAME = LaunchImage;
			};
			name = Release;
		};
/* End XCBuildConfiguration section */

/* Begin XCConfigurationList section */
		1D6058960D05DD3E006BFB54 /* Build configuration list for PBXNativeTarget "Guidetti NG Test" */ = {
			isa = XCConfigurationList;
			buildConfigurations = (
				1D6058940D05DD3E006BFB54 /* Debug */,
				1D6058950D05DD3E006BFB54 /* Release */,
			);
			defaultConfigurationIsVisible = 0;
			defaultConfigurationName = Release;
		};
		C01FCF4E08A954540054247B /* Build configuration list for PBXProject "__NON-CLI__" */ = {
			isa = XCConfigurationList;
			buildConfigurations = (
				C01FCF4F08A954540054247B /* Debug */,
				C01FCF5008A954540054247B /* Release */,
			);
			defaultConfigurationIsVisible = 0;
			defaultConfigurationName = Release;
		};
/* End XCConfigurationList section */
	};
	rootObject = 29B97313FDCFA39411CA2CEA /* Project object */;
}
